{
  "name": "book",
  "version": "1.0.0",
  "lockfileVersion": 1,
  "requires": true,
  "dependencies": {
    "@antv/adjust": {
      "version": "0.2.2",
      "resolved": "https://registry.npmjs.org/@antv/adjust/-/adjust-0.2.2.tgz",
      "integrity": "sha512-b5cABT0WWgKU8pfhW2ssID4FBXDBnHPuxU/HAV3nOMq1lso2BI2/r1hHnrVMZId5Dntb7YrVTOsokiD9DFZ2+w==",
      "requires": {
        "@antv/util": "~2.0.0",
        "tslib": "^1.10.0"
      }
    },
    "@antv/attr": {
      "version": "0.3.2",
      "resolved": "https://registry.npmjs.org/@antv/attr/-/attr-0.3.2.tgz",
      "integrity": "sha512-31PfcVKeQdPBmr/QD+IC0NB/FbdtVKOXBCNMepFc5/dEs7jphmgG1V4tfAJmcXIHubCTHOjpscTrDIvoKSGvMQ==",
      "requires": {
        "@antv/color-util": "^2.0.1",
        "@antv/util": "~2.0.0",
        "tslib": "^1.10.0"
      }
    },
    "@antv/color-util": {
      "version": "2.0.4",
      "resolved": "https://registry.npmjs.org/@antv/color-util/-/color-util-2.0.4.tgz",
      "integrity": "sha512-CM9bIuykFTKPKbp8iDv2hHfY9QoaAOAyqFKWoV7ux1ZlFOA3KfRwcBDJtk0WlMdhzuZyhMGq0sBlxHCs9YBsVQ==",
      "requires": {
        "@antv/util": "^2.0.7",
        "tslib": "^1.10.0"
      }
    },
    "@antv/component": {
      "version": "0.5.6",
      "resolved": "https://registry.npmjs.org/@antv/component/-/component-0.5.6.tgz",
      "integrity": "sha512-xT9s+gS6b8P+t/tc1ulOBxNe2nveQ0hHQWB5jyCXnpS57B9GINgwjDv0uI280PScIQCa8rkn1eRZYzV1OMeb2w==",
      "requires": {
        "@antv/dom-util": "~2.0.1",
        "@antv/g-base": "~0.4.0",
        "@antv/matrix-util": "~2.0.4",
        "@antv/path-util": "~2.0.7",
        "@antv/scale": "~0.3.1",
        "@antv/util": "~2.0.0",
        "tslib": "^1.10.0"
      }
    },
    "@antv/coord": {
      "version": "0.2.7",
      "resolved": "https://registry.npmjs.org/@antv/coord/-/coord-0.2.7.tgz",
      "integrity": "sha512-0xfUYANsmvvvjmCm0ZuT2Bw1448Mm5EbizeBKJlPIlaV4Cf3Fz+ZdDVnRdhcVs7psSromRX+LqrjkxvT3GikLQ==",
      "requires": {
        "@antv/matrix-util": "~2.0.1-beta.1",
        "@antv/util": "~2.0.3",
        "tslib": "^1.10.0"
      }
    },
    "@antv/dom-util": {
      "version": "2.0.2",
      "resolved": "https://registry.npmjs.org/@antv/dom-util/-/dom-util-2.0.2.tgz",
      "integrity": "sha512-i/rh385casRd6OA4rbpbA2jyiwY/w7PtkA+74mH43PiBzOcLpDg1jEWR9dMO0tIqUzHQWWqKNNjmXVubl4GS6g==",
      "requires": {
        "tslib": "^1.10.0"
      }
    },
    "@antv/event-emitter": {
      "version": "0.1.2",
      "resolved": "https://registry.npmjs.org/@antv/event-emitter/-/event-emitter-0.1.2.tgz",
      "integrity": "sha512-6C6NJOdoNVptCr5y9BVOhKkCgW7LFs/SpcRyAExUeSjAm0zJqcqNkSIRGsXYhj4PJI+CZICHzGwwiSnIsE68Ug=="
    },
    "@antv/g-base": {
      "version": "0.4.4",
      "resolved": "https://registry.npmjs.org/@antv/g-base/-/g-base-0.4.4.tgz",
      "integrity": "sha512-P5qptpFy4QiEiQsESNVxvLJsfJJkTuJyfgchP4tUv/g3Ir6xn3Hj8mFbyjesOJ4/wWyhABYTpekK0HNWr1WiXA==",
      "requires": {
        "@antv/event-emitter": "^0.1.1",
        "@antv/g-math": "^0.1.3",
        "@antv/matrix-util": "^2.0.4",
        "@antv/path-util": "~2.0.5",
        "@antv/util": "~2.0.0",
        "@types/d3-timer": "^1.0.9",
        "d3-ease": "^1.0.5",
        "d3-interpolate": "^1.3.2",
        "d3-timer": "^1.0.9"
      }
    },
    "@antv/g-canvas": {
      "version": "0.4.8",
      "resolved": "https://registry.npmjs.org/@antv/g-canvas/-/g-canvas-0.4.8.tgz",
      "integrity": "sha512-OR9n+w4sCEnTgscjEr5mk2Y48JEKfdetZiX/2rRnJXdETH3oqoogHTmrQkT5AqS2vKNdi6xErXIO/Wg2fQs1aA==",
      "requires": {
        "@antv/g-base": "^0.4.4",
        "@antv/g-math": "^0.1.3",
        "@antv/path-util": "~2.0.5",
        "@antv/util": "~2.0.0",
        "gl-matrix": "^3.0.0"
      }
    },
    "@antv/g-math": {
      "version": "0.1.3",
      "resolved": "https://registry.npmjs.org/@antv/g-math/-/g-math-0.1.3.tgz",
      "integrity": "sha512-m4jF1Xm9bSTDLU35u3bSW9UcqJJVxU+E+bKtJgNfXUiDwHILYJey825+ApsZ8yjU7SD1kDP6GH6NTGzmChszEQ==",
      "requires": {
        "@antv/util": "~2.0.0",
        "gl-matrix": "^3.0.0"
      }
    },
    "@antv/g-svg": {
      "version": "0.4.4",
      "resolved": "https://registry.npmjs.org/@antv/g-svg/-/g-svg-0.4.4.tgz",
      "integrity": "sha512-oHhfT3OhckGpBNlLM+FY5l6ysA044pqJ3CQ/NNqS269PwAXqswu7GbIIDmiy6lUURtaAVgyYxbAddoCnCvZ1Kg==",
      "requires": {
        "@antv/g-base": "^0.4.4",
        "@antv/g-math": "^0.1.3",
        "@antv/util": "~2.0.0",
        "detect-browser": "^4.6.0"
      }
    },
    "@antv/g2": {
      "version": "4.0.6",
      "resolved": "https://registry.npmjs.org/@antv/g2/-/g2-4.0.6.tgz",
      "integrity": "sha512-CnrJyjby/XyQWAd8b1LtLbqkfuaZW7oi+hrCtrmuS8XyP90MULarNYTjJZacGwNYgLvX1PYVqUxZpddJu9jVvw==",
      "requires": {
        "@antv/adjust": "^0.2.1",
        "@antv/attr": "^0.3.1",
        "@antv/color-util": "^2.0.2",
        "@antv/component": "^0.5.0",
        "@antv/coord": "^0.2.6",
        "@antv/event-emitter": "~0.1.0",
        "@antv/g-base": "^0.4.0",
        "@antv/g-canvas": "^0.4.0",
        "@antv/g-svg": "^0.4.0",
        "@antv/matrix-util": "^2.0.4",
        "@antv/path-util": "^2.0.3",
        "@antv/scale": "^0.3.1",
        "@antv/util": "~2.0.5",
        "tslib": "^1.10.0"
      }
    },
    "@antv/gl-matrix": {
      "version": "2.7.1",
      "resolved": "https://registry.npmjs.org/@antv/gl-matrix/-/gl-matrix-2.7.1.tgz",
      "integrity": "sha512-oOWcVNlpELIKi9x+Mm1Vwbz8pXfkbJKykoCIOJ/dNK79hSIANbpXJ5d3Rra9/wZqK6MC961B7sybFhPlLraT3Q=="
    },
    "@antv/matrix-util": {
      "version": "2.0.7",
      "resolved": "https://registry.npmjs.org/@antv/matrix-util/-/matrix-util-2.0.7.tgz",
      "integrity": "sha512-bogifQY8jplWtSTZsPqBOdBlDdkM7IwDqYL8eMYL8OaSyOPCS7l9bnEQjQ9qTAwfCd7wHTuPoCnCpbiR8BYFvQ==",
      "requires": {
        "@antv/gl-matrix": "^2.7.1",
        "@antv/util": "^2.0.7",
        "tslib": "^1.10.0"
      }
    },
    "@antv/path-util": {
      "version": "2.0.7",
      "resolved": "https://registry.npmjs.org/@antv/path-util/-/path-util-2.0.7.tgz",
      "integrity": "sha512-1gvgPxYjQ7QGqeFLJC8C3cQd7hP+3GQSdSTKoSSW4Q7nVXdibVx8D521kJe2NkketdKLwsT8gmwJWcu+NU43+w==",
      "requires": {
        "@antv/util": "^2.0.7",
        "tslib": "^1.10.0"
      }
    },
    "@antv/scale": {
      "version": "0.3.1",
      "resolved": "https://registry.npmjs.org/@antv/scale/-/scale-0.3.1.tgz",
      "integrity": "sha512-bl1IAuiwVasrCpgeeT/aXYpiCiL5T3vJSWgFiRLPJeWhMGCTfsMYP/XKp6gqpD0nVj/WsF2VsoUhJG4VlyY3Pw==",
      "requires": {
        "@antv/util": "~2.0.3",
        "fecha": "~3.0.3",
        "tslib": "^1.10.0"
      }
    },
    "@antv/util": {
      "version": "2.0.8",
      "resolved": "https://registry.npmjs.org/@antv/util/-/util-2.0.8.tgz",
      "integrity": "sha512-G9QRygQJ8UNGMi8L1dfMIa4SofbEO+jkXwvRY4ek/MLd04Q01UN0U28JeMFzw6FCKJdxiFu+2uwT/zjoFr3QoQ==",
      "requires": {
        "tslib": "^1.10.0"
      }
    },
    "@types/d3-timer": {
      "version": "1.0.9",
      "resolved": "https://registry.npmjs.org/@types/d3-timer/-/d3-timer-1.0.9.tgz",
      "integrity": "sha512-WvfJ3LFxBbWjqRGz9n7GJt08RrTHPJDVsIwwoCMROlqF+iDacYiAFjf9oqnq0mXpb2juA2N/qjKP+MKdal3YNQ=="
    },
    "camel-case": {
      "version": "3.0.0",
      "resolved": "http://r.cnpmjs.org/camel-case/download/camel-case-3.0.0.tgz",
      "integrity": "sha1-yjw2iKTpzzpM2nd9xNy8cTJJz3M=",
      "dev": true,
      "requires": {
        "no-case": "^2.2.0",
        "upper-case": "^1.1.1"
      }
    },
    "clean-css": {
      "version": "4.2.3",
      "resolved": "http://r.cnpmjs.org/clean-css/download/clean-css-4.2.3.tgz",
      "integrity": "sha1-UHtd59l7SO5T2ErbAWD/YhY4D3g=",
      "dev": true,
      "requires": {
        "source-map": "~0.6.0"
      }
    },
    "commander": {
      "version": "2.17.1",
      "resolved": "http://r.cnpmjs.org/commander/download/commander-2.17.1.tgz",
      "integrity": "sha1-vXerfebelCBc6sxy8XFtKfIKd78=",
      "dev": true
    },
    "d3-color": {
      "version": "1.4.0",
      "resolved": "https://registry.npmjs.org/d3-color/-/d3-color-1.4.0.tgz",
      "integrity": "sha512-TzNPeJy2+iEepfiL92LAAB7fvnp/dV2YwANPVHdDWmYMm23qIJBYww3qT8I8C1wXrmrg4UWs7BKc2tKIgyjzHg=="
    },
    "d3-ease": {
      "version": "1.0.6",
      "resolved": "https://registry.npmjs.org/d3-ease/-/d3-ease-1.0.6.tgz",
      "integrity": "sha512-SZ/lVU7LRXafqp7XtIcBdxnWl8yyLpgOmzAk0mWBI9gXNzLDx5ybZgnRbH9dN/yY5tzVBqCQ9avltSnqVwessQ=="
    },
    "d3-interpolate": {
      "version": "1.4.0",
      "resolved": "https://registry.npmjs.org/d3-interpolate/-/d3-interpolate-1.4.0.tgz",
      "integrity": "sha512-V9znK0zc3jOPV4VD2zZn0sDhZU3WAE2bmlxdIwwQPPzPjvyLkd8B3JUVdS1IDUFDkWZ72c9qnv1GK2ZagTZ8EA==",
      "requires": {
        "d3-color": "1"
      }
    },
    "d3-timer": {
      "version": "1.0.10",
      "resolved": "https://registry.npmjs.org/d3-timer/-/d3-timer-1.0.10.tgz",
      "integrity": "sha512-B1JDm0XDaQC+uvo4DT79H0XmBskgS3l6Ve+1SBCfxgmtIb1AVrPIoqd+nPSv+loMX8szQ0sVUhGngL7D5QPiXw=="
    },
    "detect-browser": {
      "version": "4.8.0",
      "resolved": "https://registry.npmjs.org/detect-browser/-/detect-browser-4.8.0.tgz",
      "integrity": "sha512-f4h2dFgzHUIpjpBLjhnDIteXv8VQiUm8XzAuzQtYUqECX/eKh67ykuiVoyb7Db7a0PUSmJa3OGXStG0CbQFUVw=="
    },
    "fecha": {
      "version": "3.0.3",
      "resolved": "https://registry.npmjs.org/fecha/-/fecha-3.0.3.tgz",
      "integrity": "sha512-6LQK/1jud/FZnfEEZJ7y81vw7ge81DNd/XEsX0hgMUjhS+QMljkb1C0czBaP7dMNRVrd5mw/J2J7qI2Nw+TWZw=="
    },
    "gl-matrix": {
      "version": "3.3.0",
      "resolved": "https://registry.npmjs.org/gl-matrix/-/gl-matrix-3.3.0.tgz",
      "integrity": "sha512-COb7LDz+SXaHtl/h4LeaFcNdJdAQSDeVqjiIihSXNrkWObZLhDI4hIkZC11Aeqp7bcE72clzB0BnDXr2SmslRA=="
    },
    "he": {
      "version": "1.2.0",
      "resolved": "http://r.cnpmjs.org/he/download/he-1.2.0.tgz",
      "integrity": "sha1-hK5l+n6vsWX922FWauFLrwVmTw8=",
      "dev": true
    },
    "html-minifier": {
      "version": "3.5.21",
      "resolved": "http://r.cnpmjs.org/html-minifier/download/html-minifier-3.5.21.tgz",
      "integrity": "sha1-0AQOBUcw41TbAIRjWTGUAVIS0gw=",
      "dev": true,
      "requires": {
        "camel-case": "3.0.x",
        "clean-css": "4.2.x",
        "commander": "2.17.x",
        "he": "1.2.x",
        "param-case": "2.1.x",
        "relateurl": "0.2.x",
        "uglify-js": "3.4.x"
      }
    },
    "lower-case": {
      "version": "1.1.4",
      "resolved": "http://r.cnpmjs.org/lower-case/download/lower-case-1.1.4.tgz",
      "integrity": "sha1-miyr0bno4K6ZOkv31YdcOcQujqw=",
      "dev": true
    },
    "no-case": {
      "version": "2.3.2",
      "resolved": "http://r.cnpmjs.org/no-case/download/no-case-2.3.2.tgz",
      "integrity": "sha1-YLgTOWvjmz8SiKTB7V0efSi0ZKw=",
      "dev": true,
      "requires": {
        "lower-case": "^1.1.1"
      }
    },
    "param-case": {
      "version": "2.1.1",
      "resolved": "http://r.cnpmjs.org/param-case/download/param-case-2.1.1.tgz",
      "integrity": "sha1-35T9jPZTHs915r75oIWPvHK+Ikc=",
      "dev": true,
      "requires": {
        "no-case": "^2.2.0"
      }
    },
    "relateurl": {
      "version": "0.2.7",
      "resolved": "http://r.cnpmjs.org/relateurl/download/relateurl-0.2.7.tgz",
      "integrity": "sha1-VNvzd+UUQKypCkzSdGANP/LYiKk=",
      "dev": true
    },
    "source-map": {
      "version": "0.6.1",
      "resolved": "http://r.cnpmjs.org/source-map/download/source-map-0.6.1.tgz",
      "integrity": "sha1-dHIq8y6WFOnCh6jQu95IteLxomM=",
      "dev": true
    },
    "tslib": {
      "version": "1.11.1",
      "resolved": "https://registry.npmjs.org/tslib/-/tslib-1.11.1.tgz",
      "integrity": "sha512-aZW88SY8kQbU7gpV19lN24LtXh/yD4ZZg6qieAJDDg+YBsJcSmLGK9QpnUjAKVG/xefmvJGd1WUmfpT/g6AJGA=="
    },
    "uglify-js": {
      "version": "3.4.10",
      "resolved": "http://r.cnpmjs.org/uglify-js/download/uglify-js-3.4.10.tgz",
      "integrity": "sha1-mtlWPY6zrN+404WX0q8dgV9qdV8=",
      "dev": true,
      "requires": {
        "commander": "~2.19.0",
        "source-map": "~0.6.1"
      },
      "dependencies": {
        "commander": {
          "version": "2.19.0",
          "resolved": "http://r.cnpmjs.org/commander/download/commander-2.19.0.tgz",
          "integrity": "sha1-9hmKqE5bg8RgVLlN3tv+1e6f8So=",
          "dev": true
        }
      }
    },
    "upper-case": {
      "version": "1.1.3",
      "resolved": "http://r.cnpmjs.org/upper-case/download/upper-case-1.1.3.tgz",
      "integrity": "sha1-9rRQHC7EzdJrp4vnIilh3ndiFZg=",
      "dev": true
    }
  }
}
